github.com/AlanTanner/pdfjs-hugo-module v0.0.0-20230225042301-9aebba4bfd14 h1:pKLP4pAFi3OEYoAMKyYaDxJY0MxmsQ7KhH4WaE/ssPc=
github.com/AlanTanner/pdfjs-hugo-module v0.0.0-20230225042301-9aebba4bfd14/go.mod h1:rDKGlupurJcLDdZmbZKYq4SZabM9Q+68VLpzTk7vz/w=
github.com/adityatelange/hugo-PaperMod v0.0.0-20230715062230-750feb9cc9ba h1:kGnJvHyCHVpwouexxeYOhTOvIVd5EWEETYGgWURSYEg=
github.com/adityatelange/hugo-PaperMod v0.0.0-20230715062230-750feb9cc9ba/go.mod h1:HCHxNMKYdGafUYjVV3ICiAqznZK2yH0iI53jqcDFDdQ=
github.com/adityatelange/hugo-PaperMod v0.0.0-20240310073033-f5c737f872ae h1:RnqMB+GZF2mtE0P/EasNDA+onrrqUV7cWBL9nHlhkM0=
github.com/adityatelange/hugo-PaperMod v0.0.0-20240310073033-f5c737f872ae/go.mod h1:HCHxNMKYdGafUYjVV3ICiAqznZK2yH0iI53jqcDFDdQ=
github.com/adityatelange/hugo-PaperMod v0.0.0-20240501082639-33e48f98920c h1:ghqqkCLwaPOu2WeKn52HA3APwC1vih3SN6mqmvT/V3c=
github.com/adityatelange/hugo-PaperMod v0.0.0-20240501082639-33e48f98920c/go.mod h1:HCHxNMKYdGafUYjVV3ICiAqznZK2yH0iI53jqcDFDdQ=
github.com/mozilla/pdfjs-dist v3.4.120+incompatible h1:6fAYfywJmRODO1rmFi8zxX0/3Ta5OUnRl9VwtVqrGRM=
github.com/mozilla/pdfjs-dist v3.4.120+incompatible/go.mod h1:p7awHm27chgj8n358jtk9mkLevH1Yxk1LYT3TqNao48=
